// !$*UTF8*$!
{
	archiveVersion = 1;
	classes = {
	};
	objectVersion = 46;
	objects = {

/* Begin PBXBuildFile section */
		2E0AB59A1C6A4BE700D8CFC0 /* main.m in Sources */ = {isa = PBXBuildFile; fileRef = 2E0AB5991C6A4BE700D8CFC0 /* main.m */; };
		2E0AB59D1C6A4BE700D8CFC0 /* AppDelegate.m in Sources */ = {isa = PBXBuildFile; fileRef = 2E0AB59C1C6A4BE700D8CFC0 /* AppDelegate.m */; };
		2E0AB5A31C6A4BE700D8CFC0 /* Main.storyboard in Resources */ = {isa = PBXBuildFile; fileRef = 2E0AB5A11C6A4BE700D8CFC0 /* Main.storyboard */; };
		2E0AB5A51C6A4BE700D8CFC0 /* Assets.xcassets in Resources */ = {isa = PBXBuildFile; fileRef = 2E0AB5A41C6A4BE700D8CFC0 /* Assets.xcassets */; };
		2E0AB5A81C6A4BE700D8CFC0 /* LaunchScreen.storyboard in Resources */ = {isa = PBXBuildFile; fileRef = 2E0AB5A61C6A4BE700D8CFC0 /* LaunchScreen.storyboard */; };
		2E0AB5B31C6A4BE800D8CFC0 /* iWeatherTests.m in Sources */ = {isa = PBXBuildFile; fileRef = 2E0AB5B21C6A4BE800D8CFC0 /* iWeatherTests.m */; };
		2E0AB5BE1C6A4BE800D8CFC0 /* iWeatherUITests.m in Sources */ = {isa = PBXBuildFile; fileRef = 2E0AB5BD1C6A4BE800D8CFC0 /* iWeatherUITests.m */; };
		2E0AB60F1C6AE38B00D8CFC0 /* MainViewController.m in Sources */ = {isa = PBXBuildFile; fileRef = 2E0AB60E1C6AE38B00D8CFC0 /* MainViewController.m */; };
		2E0AB6121C6AE6F900D8CFC0 /* WeatherParse.m in Sources */ = {isa = PBXBuildFile; fileRef = 2E0AB6111C6AE6F900D8CFC0 /* WeatherParse.m */; };
		2E0AB6151C6AE70F00D8CFC0 /* RealTimeWeather.m in Sources */ = {isa = PBXBuildFile; fileRef = 2E0AB6141C6AE70F00D8CFC0 /* RealTimeWeather.m */; };
		2E0AB6181C6AE72300D8CFC0 /* WeekWeather.m in Sources */ = {isa = PBXBuildFile; fileRef = 2E0AB6171C6AE72300D8CFC0 /* WeekWeather.m */; };
		2E0AB61B1C6AE73400D8CFC0 /* LifeWeather.m in Sources */ = {isa = PBXBuildFile; fileRef = 2E0AB61A1C6AE73400D8CFC0 /* LifeWeather.m */; };
		2E0AB61E1C6AE76100D8CFC0 /* CoreLocation.framework in Frameworks */ = {isa = PBXBuildFile; fileRef = 2E0AB61D1C6AE76100D8CFC0 /* CoreLocation.framework */; };
		2E216A301C73513F0034AE55 /* back.png in Resources */ = {isa = PBXBuildFile; fileRef = 2E216A2F1C73513F0034AE55 /* back.png */; };
		2E216A331C7407640034AE55 /* SearchView.m in Sources */ = {isa = PBXBuildFile; fileRef = 2E216A321C7407640034AE55 /* SearchView.m */; };
		2E216A371C74198A0034AE55 /* weekViewCell.m in Sources */ = {isa = PBXBuildFile; fileRef = 2E216A351C74198A0034AE55 /* weekViewCell.m */; };
		2E216A381C74198A0034AE55 /* weekViewCell.xib in Resources */ = {isa = PBXBuildFile; fileRef = 2E216A361C74198A0034AE55 /* weekViewCell.xib */; };
		2E216A431C7486A80034AE55 /* AddViewController.m in Sources */ = {isa = PBXBuildFile; fileRef = 2E216A411C7486A80034AE55 /* AddViewController.m */; };
		2E216A491C748C450034AE55 /* AboutViewController.m in Sources */ = {isa = PBXBuildFile; fileRef = 2E216A481C748C450034AE55 /* AboutViewController.m */; };
		2E216A4B1C749B840034AE55 /* About.jpg in Resources */ = {isa = PBXBuildFile; fileRef = 2E216A4A1C749B840034AE55 /* About.jpg */; };
		2E216A4E1C74A53D0034AE55 /* SettingViewController.m in Sources */ = {isa = PBXBuildFile; fileRef = 2E216A4D1C74A53D0034AE55 /* SettingViewController.m */; };
		2E216A521C74AD170034AE55 /* ARSPopover.m in Sources */ = {isa = PBXBuildFile; fileRef = 2E216A501C74AD170034AE55 /* ARSPopover.m */; };
		2E216A551C756A150034AE55 /* PMView.m in Sources */ = {isa = PBXBuildFile; fileRef = 2E216A541C756A150034AE55 /* PMView.m */; };
		2E216A581C756A210034AE55 /* LifeView.m in Sources */ = {isa = PBXBuildFile; fileRef = 2E216A571C756A210034AE55 /* LifeView.m */; };
		2E216A5B1C7599580034AE55 /* OneHUD.m in Sources */ = {isa = PBXBuildFile; fileRef = 2E216A5A1C7599580034AE55 /* OneHUD.m */; };
		2E216A5F1C75997B0034AE55 /* Circle.m in Sources */ = {isa = PBXBuildFile; fileRef = 2E216A5E1C75997B0034AE55 /* Circle.m */; };
		2EB229601C6B2E46003E64B3 /* RealTimeView.m in Sources */ = {isa = PBXBuildFile; fileRef = 2EB2295F1C6B2E46003E64B3 /* RealTimeView.m */; };
		2EB229621C6B39D8003E64B3 /* ImageList.plist in Resources */ = {isa = PBXBuildFile; fileRef = 2EB229611C6B39D8003E64B3 /* ImageList.plist */; };
		2EB229651C6B7456003E64B3 /* TabBar.m in Sources */ = {isa = PBXBuildFile; fileRef = 2EB229641C6B7456003E64B3 /* TabBar.m */; };
		2EB2296B1C6C7084003E64B3 /* subButton.m in Sources */ = {isa = PBXBuildFile; fileRef = 2EB2296A1C6C7084003E64B3 /* subButton.m */; };
		2EB229711C6F0F5C003E64B3 /* BarButton.m in Sources */ = {isa = PBXBuildFile; fileRef = 2EB229701C6F0F5C003E64B3 /* BarButton.m */; };
		2EB229741C6F12C1003E64B3 /* UIButton+UIImage.m in Sources */ = {isa = PBXBuildFile; fileRef = 2EB229731C6F12C1003E64B3 /* UIButton+UIImage.m */; };
		2EB229781C6F4B68003E64B3 /* OneNetWork.m in Sources */ = {isa = PBXBuildFile; fileRef = 2EB229771C6F4B68003E64B3 /* OneNetWork.m */; };
		2EB229C01C7022AC003E64B3 /* WeatherRequest.m in Sources */ = {isa = PBXBuildFile; fileRef = 2EB229BF1C7022AC003E64B3 /* WeatherRequest.m */; };
		2EB229C31C704583003E64B3 /* ConditionView.m in Sources */ = {isa = PBXBuildFile; fileRef = 2EB229C21C704583003E64B3 /* ConditionView.m */; };
		2EB22A461C71D672003E64B3 /* SearchViewController.m in Sources */ = {isa = PBXBuildFile; fileRef = 2EB22A451C71D672003E64B3 /* SearchViewController.m */; };
/* End PBXBuildFile section */

/* Begin PBXContainerItemProxy section */
		2E0AB5AF1C6A4BE800D8CFC0 /* PBXContainerItemProxy */ = {
			isa = PBXContainerItemProxy;
			containerPortal = 2E0AB58D1C6A4BE700D8CFC0 /* Project object */;
			proxyType = 1;
			remoteGlobalIDString = 2E0AB5941C6A4BE700D8CFC0;
			remoteInfo = iWeather;
		};
		2E0AB5BA1C6A4BE800D8CFC0 /* PBXContainerItemProxy */ = {
			isa = PBXContainerItemProxy;
			containerPortal = 2E0AB58D1C6A4BE700D8CFC0 /* Project object */;
			proxyType = 1;
			remoteGlobalIDString = 2E0AB5941C6A4BE700D8CFC0;
			remoteInfo = iWeather;
		};
/* End PBXContainerItemProxy section */

/* Begin PBXCopyFilesBuildPhase section */
		2EB229DA1C707A4C003E64B3 /* Embed App Extensions */ = {
			isa = PBXCopyFilesBuildPhase;
			buildActionMask = 2147483647;
			dstPath = "";
			dstSubfolderSpec = 13;
			files = (
			);
			name = "Embed App Extensions";
			runOnlyForDeploymentPostprocessing = 0;
		};
/* End PBXCopyFilesBuildPhase section */

/* Begin PBXFileReference section */
		2E0AB5951C6A4BE700D8CFC0 /* iWeather.app */ = {isa = PBXFileReference; explicitFileType = wrapper.application; includeInIndex = 0; path = iWeather.app; sourceTree = BUILT_PRODUCTS_DIR; };
		2E0AB5991C6A4BE700D8CFC0 /* main.m */ = {isa = PBXFileReference; lastKnownFileType = sourcecode.c.objc; path = main.m; sourceTree = "<group>"; };
		2E0AB59B1C6A4BE700D8CFC0 /* AppDelegate.h */ = {isa = PBXFileReference; lastKnownFileType = sourcecode.c.h; path = AppDelegate.h; sourceTree = "<group>"; };
		2E0AB59C1C6A4BE700D8CFC0 /* AppDelegate.m */ = {isa = PBXFileReference; lastKnownFileType = sourcecode.c.objc; path = AppDelegate.m; sourceTree = "<group>"; };
		2E0AB5A21C6A4BE700D8CFC0 /* Base */ = {isa = PBXFileReference; lastKnownFileType = file.storyboard; name = Base; path = Base.lproj/Main.storyboard; sourceTree = "<group>"; };
		2E0AB5A41C6A4BE700D8CFC0 /* Assets.xcassets */ = {isa = PBXFileReference; lastKnownFileType = folder.assetcatalog; path = Assets.xcassets; sourceTree = "<group>"; };
		2E0AB5A71C6A4BE700D8CFC0 /* Base */ = {isa = PBXFileReference; lastKnownFileType = file.storyboard; name = Base; path = Base.lproj/LaunchScreen.storyboard; sourceTree = "<group>"; };
		2E0AB5A91C6A4BE700D8CFC0 /* Info.plist */ = {isa = PBXFileReference; lastKnownFileType = text.plist.xml; path = Info.plist; sourceTree = "<group>"; };
		2E0AB5AE1C6A4BE800D8CFC0 /* iWeatherTests.xctest */ = {isa = PBXFileReference; explicitFileType = wrapper.cfbundle; includeInIndex = 0; path = iWeatherTests.xctest; sourceTree = BUILT_PRODUCTS_DIR; };
		2E0AB5B21C6A4BE800D8CFC0 /* iWeatherTests.m */ = {isa = PBXFileReference; lastKnownFileType = sourcecode.c.objc; path = iWeatherTests.m; sourceTree = "<group>"; };
		2E0AB5B41C6A4BE800D8CFC0 /* Info.plist */ = {isa = PBXFileReference; lastKnownFileType = text.plist.xml; path = Info.plist; sourceTree = "<group>"; };
		2E0AB5B91C6A4BE800D8CFC0 /* iWeatherUITests.xctest */ = {isa = PBXFileReference; explicitFileType = wrapper.cfbundle; includeInIndex = 0; path = iWeatherUITests.xctest; sourceTree = BUILT_PRODUCTS_DIR; };
		2E0AB5BD1C6A4BE800D8CFC0 /* iWeatherUITests.m */ = {isa = PBXFileReference; lastKnownFileType = sourcecode.c.objc; path = iWeatherUITests.m; sourceTree = "<group>"; };
		2E0AB5BF1C6A4BE800D8CFC0 /* Info.plist */ = {isa = PBXFileReference; lastKnownFileType = text.plist.xml; path = Info.plist; sourceTree = "<group>"; };
		2E0AB60D1C6AE38B00D8CFC0 /* MainViewController.h */ = {isa = PBXFileReference; fileEncoding = 4; lastKnownFileType = sourcecode.c.h; path = MainViewController.h; sourceTree = "<group>"; };
		2E0AB60E1C6AE38B00D8CFC0 /* MainViewController.m */ = {isa = PBXFileReference; fileEncoding = 4; lastKnownFileType = sourcecode.c.objc; path = MainViewController.m; sourceTree = "<group>"; };
		2E0AB6101C6AE6F900D8CFC0 /* WeatherParse.h */ = {isa = PBXFileReference; fileEncoding = 4; lastKnownFileType = sourcecode.c.h; path = WeatherParse.h; sourceTree = "<group>"; };
		2E0AB6111C6AE6F900D8CFC0 /* WeatherParse.m */ = {isa = PBXFileReference; fileEncoding = 4; lastKnownFileType = sourcecode.c.objc; path = WeatherParse.m; sourceTree = "<group>"; };
		2E0AB6131C6AE70F00D8CFC0 /* RealTimeWeather.h */ = {isa = PBXFileReference; fileEncoding = 4; lastKnownFileType = sourcecode.c.h; path = RealTimeWeather.h; sourceTree = "<group>"; };
		2E0AB6141C6AE70F00D8CFC0 /* RealTimeWeather.m */ = {isa = PBXFileReference; fileEncoding = 4; lastKnownFileType = sourcecode.c.objc; path = RealTimeWeather.m; sourceTree = "<group>"; };
		2E0AB6161C6AE72300D8CFC0 /* WeekWeather.h */ = {isa = PBXFileReference; fileEncoding = 4; lastKnownFileType = sourcecode.c.h; path = WeekWeather.h; sourceTree = "<group>"; };
		2E0AB6171C6AE72300D8CFC0 /* WeekWeather.m */ = {isa = PBXFileReference; fileEncoding = 4; lastKnownFileType = sourcecode.c.objc; path = WeekWeather.m; sourceTree = "<group>"; };
		2E0AB6191C6AE73400D8CFC0 /* LifeWeather.h */ = {isa = PBXFileReference; fileEncoding = 4; lastKnownFileType = sourcecode.c.h; path = LifeWeather.h; sourceTree = "<group>"; };
		2E0AB61A1C6AE73400D8CFC0 /* LifeWeather.m */ = {isa = PBXFileReference; fileEncoding = 4; lastKnownFileType = sourcecode.c.objc; path = LifeWeather.m; sourceTree = "<group>"; };
		2E0AB61D1C6AE76100D8CFC0 /* CoreLocation.framework */ = {isa = PBXFileReference; lastKnownFileType = wrapper.framework; name = CoreLocation.framework; path = System/Library/Frameworks/CoreLocation.framework; sourceTree = SDKROOT; };
		2E216A2F1C73513F0034AE55 /* back.png */ = {isa = PBXFileReference; lastKnownFileType = image.png; path = back.png; sourceTree = "<group>"; };
		2E216A311C7407640034AE55 /* SearchView.h */ = {isa = PBXFileReference; fileEncoding = 4; lastKnownFileType = sourcecode.c.h; path = SearchView.h; sourceTree = "<group>"; };
		2E216A321C7407640034AE55 /* SearchView.m */ = {isa = PBXFileReference; fileEncoding = 4; lastKnownFileType = sourcecode.c.objc; path = SearchView.m; sourceTree = "<group>"; };
		2E216A341C74198A0034AE55 /* weekViewCell.h */ = {isa = PBXFileReference; fileEncoding = 4; lastKnownFileType = sourcecode.c.h; path = weekViewCell.h; sourceTree = "<group>"; };
		2E216A351C74198A0034AE55 /* weekViewCell.m */ = {isa = PBXFileReference; fileEncoding = 4; lastKnownFileType = sourcecode.c.objc; path = weekViewCell.m; sourceTree = "<group>"; };
		2E216A361C74198A0034AE55 /* weekViewCell.xib */ = {isa = PBXFileReference; fileEncoding = 4; lastKnownFileType = file.xib; path = weekViewCell.xib; sourceTree = "<group>"; };
		2E216A401C7486A80034AE55 /* AddViewController.h */ = {isa = PBXFileReference; fileEncoding = 4; lastKnownFileType = sourcecode.c.h; path = AddViewController.h; sourceTree = "<group>"; };
		2E216A411C7486A80034AE55 /* AddViewController.m */ = {isa = PBXFileReference; fileEncoding = 4; lastKnownFileType = sourcecode.c.objc; path = AddViewController.m; sourceTree = "<group>"; };
		2E216A471C748C450034AE55 /* AboutViewController.h */ = {isa = PBXFileReference; fileEncoding = 4; lastKnownFileType = sourcecode.c.h; path = AboutViewController.h; sourceTree = "<group>"; };
		2E216A481C748C450034AE55 /* AboutViewController.m */ = {isa = PBXFileReference; fileEncoding = 4; lastKnownFileType = sourcecode.c.objc; path = AboutViewController.m; sourceTree = "<group>"; };
		2E216A4A1C749B840034AE55 /* About.jpg */ = {isa = PBXFileReference; lastKnownFileType = image.jpeg; path = About.jpg; sourceTree = "<group>"; };
		2E216A4C1C74A53D0034AE55 /* SettingViewController.h */ = {isa = PBXFileReference; fileEncoding = 4; lastKnownFileType = sourcecode.c.h; path = SettingViewController.h; sourceTree = "<group>"; };
		2E216A4D1C74A53D0034AE55 /* SettingViewController.m */ = {isa = PBXFileReference; fileEncoding = 4; lastKnownFileType = sourcecode.c.objc; path = SettingViewController.m; sourceTree = "<group>"; };
		2E216A501C74AD170034AE55 /* ARSPopover.m */ = {isa = PBXFileReference; fileEncoding = 4; lastKnownFileType = sourcecode.c.objc; path = ARSPopover.m; sourceTree = "<group>"; };
		2E216A511C74AD170034AE55 /* ARSPopover.h */ = {isa = PBXFileReference; fileEncoding = 4; lastKnownFileType = sourcecode.c.h; path = ARSPopover.h; sourceTree = "<group>"; };
		2E216A531C756A150034AE55 /* PMView.h */ = {isa = PBXFileReference; fileEncoding = 4; lastKnownFileType = sourcecode.c.h; path = PMView.h; sourceTree = "<group>"; };
		2E216A541C756A150034AE55 /* PMView.m */ = {isa = PBXFileReference; fileEncoding = 4; lastKnownFileType = sourcecode.c.objc; path = PMView.m; sourceTree = "<group>"; };
		2E216A561C756A210034AE55 /* LifeView.h */ = {isa = PBXFileReference; fileEncoding = 4; lastKnownFileType = sourcecode.c.h; path = LifeView.h; sourceTree = "<group>"; };
		2E216A571C756A210034AE55 /* LifeView.m */ = {isa = PBXFileReference; fileEncoding = 4; lastKnownFileType = sourcecode.c.objc; path = LifeView.m; sourceTree = "<group>"; };
		2E216A591C7599580034AE55 /* OneHUD.h */ = {isa = PBXFileReference; fileEncoding = 4; lastKnownFileType = sourcecode.c.h; path = OneHUD.h; sourceTree = "<group>"; };
		2E216A5A1C7599580034AE55 /* OneHUD.m */ = {isa = PBXFileReference; fileEncoding = 4; lastKnownFileType = sourcecode.c.objc; path = OneHUD.m; sourceTree = "<group>"; };
		2E216A5D1C75997B0034AE55 /* Circle.h */ = {isa = PBXFileReference; fileEncoding = 4; lastKnownFileType = sourcecode.c.h; path = Circle.h; sourceTree = "<group>"; };
		2E216A5E1C75997B0034AE55 /* Circle.m */ = {isa = PBXFileReference; fileEncoding = 4; lastKnownFileType = sourcecode.c.objc; path = Circle.m; sourceTree = "<group>"; };
		2EB2295E1C6B2E46003E64B3 /* RealTimeView.h */ = {isa = PBXFileReference; fileEncoding = 4; lastKnownFileType = sourcecode.c.h; path = RealTimeView.h; sourceTree = "<group>"; };
		2EB2295F1C6B2E46003E64B3 /* RealTimeView.m */ = {isa = PBXFileReference; fileEncoding = 4; lastKnownFileType = sourcecode.c.objc; path = RealTimeView.m; sourceTree = "<group>"; };
		2EB229611C6B39D8003E64B3 /* ImageList.plist */ = {isa = PBXFileReference; fileEncoding = 4; lastKnownFileType = text.plist.xml; path = ImageList.plist; sourceTree = "<group>"; };
		2EB229631C6B7456003E64B3 /* TabBar.h */ = {isa = PBXFileReference; fileEncoding = 4; lastKnownFileType = sourcecode.c.h; path = TabBar.h; sourceTree = "<group>"; };
		2EB229641C6B7456003E64B3 /* TabBar.m */ = {isa = PBXFileReference; fileEncoding = 4; lastKnownFileType = sourcecode.c.objc; path = TabBar.m; sourceTree = "<group>"; };
		2EB229691C6C7084003E64B3 /* subButton.h */ = {isa = PBXFileReference; fileEncoding = 4; lastKnownFileType = sourcecode.c.h; path = subButton.h; sourceTree = "<group>"; };
		2EB2296A1C6C7084003E64B3 /* subButton.m */ = {isa = PBXFileReference; fileEncoding = 4; lastKnownFileType = sourcecode.c.objc; path = subButton.m; sourceTree = "<group>"; };
		2EB2296F1C6F0F5C003E64B3 /* BarButton.h */ = {isa = PBXFileReference; fileEncoding = 4; lastKnownFileType = sourcecode.c.h; path = BarButton.h; sourceTree = "<group>"; };
		2EB229701C6F0F5C003E64B3 /* BarButton.m */ = {isa = PBXFileReference; fileEncoding = 4; lastKnownFileType = sourcecode.c.objc; path = BarButton.m; sourceTree = "<group>"; };
		2EB229721C6F12C1003E64B3 /* UIButton+UIImage.h */ = {isa = PBXFileReference; fileEncoding = 4; lastKnownFileType = sourcecode.c.h; path = "UIButton+UIImage.h"; sourceTree = "<group>"; };
		2EB229731C6F12C1003E64B3 /* UIButton+UIImage.m */ = {isa = PBXFileReference; fileEncoding = 4; lastKnownFileType = sourcecode.c.objc; path = "UIButton+UIImage.m"; sourceTree = "<group>"; };
		2EB229761C6F4B68003E64B3 /* OneNetWork.h */ = {isa = PBXFileReference; fileEncoding = 4; lastKnownFileType = sourcecode.c.h; path = OneNetWork.h; sourceTree = "<group>"; };
		2EB229771C6F4B68003E64B3 /* OneNetWork.m */ = {isa = PBXFileReference; fileEncoding = 4; lastKnownFileType = sourcecode.c.objc; path = OneNetWork.m; sourceTree = "<group>"; };
		2EB229BE1C7022AC003E64B3 /* WeatherRequest.h */ = {isa = PBXFileReference; fileEncoding = 4; lastKnownFileType = sourcecode.c.h; name = WeatherRequest.h; path = iWeather/WeatherRequest.h; sourceTree = "<group>"; };
		2EB229BF1C7022AC003E64B3 /* WeatherRequest.m */ = {isa = PBXFileReference; fileEncoding = 4; lastKnownFileType = sourcecode.c.objc; name = WeatherRequest.m; path = iWeather/WeatherRequest.m; sourceTree = "<group>"; };
		2EB229C11C704583003E64B3 /* ConditionView.h */ = {isa = PBXFileReference; fileEncoding = 4; lastKnownFileType = sourcecode.c.h; path = ConditionView.h; sourceTree = "<group>"; };
		2EB229C21C704583003E64B3 /* ConditionView.m */ = {isa = PBXFileReference; fileEncoding = 4; lastKnownFileType = sourcecode.c.objc; path = ConditionView.m; sourceTree = "<group>"; };
		2EB229CA1C707A4C003E64B3 /* NotificationCenter.framework */ = {isa = PBXFileReference; lastKnownFileType = wrapper.framework; name = NotificationCenter.framework; path = System/Library/Frameworks/NotificationCenter.framework; sourceTree = SDKROOT; };
		2EB22A441C71D672003E64B3 /* SearchViewController.h */ = {isa = PBXFileReference; fileEncoding = 4; lastKnownFileType = sourcecode.c.h; path = SearchViewController.h; sourceTree = "<group>"; };
		2EB22A451C71D672003E64B3 /* SearchViewController.m */ = {isa = PBXFileReference; fileEncoding = 4; lastKnownFileType = sourcecode.c.objc; path = SearchViewController.m; sourceTree = "<group>"; };
/* End PBXFileReference section */

/* Begin PBXFrameworksBuildPhase section */
		2E0AB5921C6A4BE700D8CFC0 /* Frameworks */ = {
			isa = PBXFrameworksBuildPhase;
			buildActionMask = 2147483647;
			files = (
				2E0AB61E1C6AE76100D8CFC0 /* CoreLocation.framework in Frameworks */,
			);
			runOnlyForDeploymentPostprocessing = 0;
		};
		2E0AB5AB1C6A4BE800D8CFC0 /* Frameworks */ = {
			isa = PBXFrameworksBuildPhase;
			buildActionMask = 2147483647;
			files = (
			);
			runOnlyForDeploymentPostprocessing = 0;
		};
		2E0AB5B61C6A4BE800D8CFC0 /* Frameworks */ = {
			isa = PBXFrameworksBuildPhase;
			buildActionMask = 2147483647;
			files = (
			);
			runOnlyForDeploymentPostprocessing = 0;
		};
/* End PBXFrameworksBuildPhase section */

/* Begin PBXGroup section */
		2E0AB58C1C6A4BE700D8CFC0 = {
			isa = PBXGroup;
			children = (
				2E216A5C1C7599640034AE55 /* OneHUD */,
				2E216A4F1C74AD030034AE55 /* ARSPopover */,
				2EB229751C6F4B28003E64B3 /* OneNetWork */,
				2EB2296C1C6CF272003E64B3 /* Resources */,
				2E0AB61C1C6AE73F00D8CFC0 /* Frameworks */,
				2E0AB5CD1C6ABF2500D8CFC0 /* Controller */,
				2E0AB5CC1C6ABF1C00D8CFC0 /* View */,
				2E0AB5CB1C6ABF1200D8CFC0 /* Model */,
				2E0AB5971C6A4BE700D8CFC0 /* iWeather */,
				2E0AB5B11C6A4BE800D8CFC0 /* iWeatherTests */,
				2E0AB5BC1C6A4BE800D8CFC0 /* iWeatherUITests */,
				2E0AB5961C6A4BE700D8CFC0 /* Products */,
			);
			sourceTree = "<group>";
		};
		2E0AB5961C6A4BE700D8CFC0 /* Products */ = {
			isa = PBXGroup;
			children = (
				2E0AB5951C6A4BE700D8CFC0 /* iWeather.app */,
				2E0AB5AE1C6A4BE800D8CFC0 /* iWeatherTests.xctest */,
				2E0AB5B91C6A4BE800D8CFC0 /* iWeatherUITests.xctest */,
			);
			name = Products;
			sourceTree = "<group>";
		};
		2E0AB5971C6A4BE700D8CFC0 /* iWeather */ = {
			isa = PBXGroup;
			children = (
				2E0AB59B1C6A4BE700D8CFC0 /* AppDelegate.h */,
				2E0AB59C1C6A4BE700D8CFC0 /* AppDelegate.m */,
				2E0AB5A11C6A4BE700D8CFC0 /* Main.storyboard */,
				2E0AB5A41C6A4BE700D8CFC0 /* Assets.xcassets */,
				2E0AB5A61C6A4BE700D8CFC0 /* LaunchScreen.storyboard */,
				2E0AB5A91C6A4BE700D8CFC0 /* Info.plist */,
				2E0AB5981C6A4BE700D8CFC0 /* Supporting Files */,
				2EB229611C6B39D8003E64B3 /* ImageList.plist */,
			);
			path = iWeather;
			sourceTree = "<group>";
		};
		2E0AB5981C6A4BE700D8CFC0 /* Supporting Files */ = {
			isa = PBXGroup;
			children = (
				2E0AB5991C6A4BE700D8CFC0 /* main.m */,
			);
			name = "Supporting Files";
			sourceTree = "<group>";
		};
		2E0AB5B11C6A4BE800D8CFC0 /* iWeatherTests */ = {
			isa = PBXGroup;
			children = (
				2E0AB5B21C6A4BE800D8CFC0 /* iWeatherTests.m */,
				2E0AB5B41C6A4BE800D8CFC0 /* Info.plist */,
			);
			path = iWeatherTests;
			sourceTree = "<group>";
		};
		2E0AB5BC1C6A4BE800D8CFC0 /* iWeatherUITests */ = {
			isa = PBXGroup;
			children = (
				2E0AB5BD1C6A4BE800D8CFC0 /* iWeatherUITests.m */,
				2E0AB5BF1C6A4BE800D8CFC0 /* Info.plist */,
			);
			path = iWeatherUITests;
			sourceTree = "<group>";
		};
		2E0AB5CB1C6ABF1200D8CFC0 /* Model */ = {
			isa = PBXGroup;
			children = (
				2EB229BD1C7020F8003E64B3 /* URLRequest */,
				2EB229BC1C7020D2003E64B3 /* WeatherData */,
			);
			name = Model;
			sourceTree = "<group>";
		};
		2E0AB5CC1C6ABF1C00D8CFC0 /* View */ = {
			isa = PBXGroup;
			children = (
				2EB22A491C71E047003E64B3 /* SearchViews */,
				2EB2296E1C6E1F32003E64B3 /* Views */,
				2EB2296D1C6E1F18003E64B3 /* TabBarView */,
			);
			name = View;
			sourceTree = "<group>";
		};
		2E0AB5CD1C6ABF2500D8CFC0 /* Controller */ = {
			isa = PBXGroup;
			children = (
				2E0AB60D1C6AE38B00D8CFC0 /* MainViewController.h */,
				2E0AB60E1C6AE38B00D8CFC0 /* MainViewController.m */,
				2EB22A441C71D672003E64B3 /* SearchViewController.h */,
				2EB22A451C71D672003E64B3 /* SearchViewController.m */,
				2E216A401C7486A80034AE55 /* AddViewController.h */,
				2E216A411C7486A80034AE55 /* AddViewController.m */,
				2E216A471C748C450034AE55 /* AboutViewController.h */,
				2E216A481C748C450034AE55 /* AboutViewController.m */,
				2E216A4C1C74A53D0034AE55 /* SettingViewController.h */,
				2E216A4D1C74A53D0034AE55 /* SettingViewController.m */,
			);
			name = Controller;
			sourceTree = "<group>";
		};
		2E0AB61C1C6AE73F00D8CFC0 /* Frameworks */ = {
			isa = PBXGroup;
			children = (
				2E0AB61D1C6AE76100D8CFC0 /* CoreLocation.framework */,
				2EB229CA1C707A4C003E64B3 /* NotificationCenter.framework */,
			);
			name = Frameworks;
			sourceTree = "<group>";
		};
		2E216A4F1C74AD030034AE55 /* ARSPopover */ = {
			isa = PBXGroup;
			children = (
				2E216A511C74AD170034AE55 /* ARSPopover.h */,
				2E216A501C74AD170034AE55 /* ARSPopover.m */,
			);
			name = ARSPopover;
			sourceTree = "<group>";
		};
		2E216A5C1C7599640034AE55 /* OneHUD */ = {
			isa = PBXGroup;
			children = (
				2E216A5D1C75997B0034AE55 /* Circle.h */,
				2E216A5E1C75997B0034AE55 /* Circle.m */,
				2E216A591C7599580034AE55 /* OneHUD.h */,
				2E216A5A1C7599580034AE55 /* OneHUD.m */,
			);
			name = OneHUD;
			sourceTree = "<group>";
		};
		2EB2296C1C6CF272003E64B3 /* Resources */ = {
			isa = PBXGroup;
			children = (
				2E216A2F1C73513F0034AE55 /* back.png */,
				2E216A4A1C749B840034AE55 /* About.jpg */,
			);
			name = Resources;
			sourceTree = "<group>";
		};
		2EB2296D1C6E1F18003E64B3 /* TabBarView */ = {
			isa = PBXGroup;
			children = (
				2EB229691C6C7084003E64B3 /* subButton.h */,
				2EB2296A1C6C7084003E64B3 /* subButton.m */,
				2EB229631C6B7456003E64B3 /* TabBar.h */,
				2EB229641C6B7456003E64B3 /* TabBar.m */,
				2EB2296F1C6F0F5C003E64B3 /* BarButton.h */,
				2EB229701C6F0F5C003E64B3 /* BarButton.m */,
				2EB229721C6F12C1003E64B3 /* UIButton+UIImage.h */,
				2EB229731C6F12C1003E64B3 /* UIButton+UIImage.m */,
			);
			name = TabBarView;
			sourceTree = "<group>";
		};
		2EB2296E1C6E1F32003E64B3 /* Views */ = {
			isa = PBXGroup;
			children = (
				2EB2295E1C6B2E46003E64B3 /* RealTimeView.h */,
				2EB2295F1C6B2E46003E64B3 /* RealTimeView.m */,
				2EB229C11C704583003E64B3 /* ConditionView.h */,
				2EB229C21C704583003E64B3 /* ConditionView.m */,
				2E216A531C756A150034AE55 /* PMView.h */,
				2E216A541C756A150034AE55 /* PMView.m */,
				2E216A561C756A210034AE55 /* LifeView.h */,
				2E216A571C756A210034AE55 /* LifeView.m */,
			);
			name = Views;
			sourceTree = "<group>";
		};
		2EB229751C6F4B28003E64B3 /* OneNetWork */ = {
			isa = PBXGroup;
			children = (
				2EB229761C6F4B68003E64B3 /* OneNetWork.h */,
				2EB229771C6F4B68003E64B3 /* OneNetWork.m */,
			);
			name = OneNetWork;
			sourceTree = "<group>";
		};
		2EB229BC1C7020D2003E64B3 /* WeatherData */ = {
			isa = PBXGroup;
			children = (
				2E0AB6101C6AE6F900D8CFC0 /* WeatherParse.h */,
				2E0AB6111C6AE6F900D8CFC0 /* WeatherParse.m */,
				2E0AB6131C6AE70F00D8CFC0 /* RealTimeWeather.h */,
				2E0AB6141C6AE70F00D8CFC0 /* RealTimeWeather.m */,
				2E0AB6161C6AE72300D8CFC0 /* WeekWeather.h */,
				2E0AB6171C6AE72300D8CFC0 /* WeekWeather.m */,
				2E0AB6191C6AE73400D8CFC0 /* LifeWeather.h */,
				2E0AB61A1C6AE73400D8CFC0 /* LifeWeather.m */,
			);
			name = WeatherData;
			sourceTree = "<group>";
		};
		2EB229BD1C7020F8003E64B3 /* URLRequest */ = {
			isa = PBXGroup;
			children = (
				2EB229BE1C7022AC003E64B3 /* WeatherRequest.h */,
				2EB229BF1C7022AC003E64B3 /* WeatherRequest.m */,
			);
			name = URLRequest;
			sourceTree = "<group>";
		};
		2EB22A491C71E047003E64B3 /* SearchViews */ = {
			isa = PBXGroup;
			children = (
				2E216A311C7407640034AE55 /* SearchView.h */,
				2E216A321C7407640034AE55 /* SearchView.m */,
				2E216A341C74198A0034AE55 /* weekViewCell.h */,
				2E216A351C74198A0034AE55 /* weekViewCell.m */,
				2E216A361C74198A0034AE55 /* weekViewCell.xib */,
			);
			name = SearchViews;
			sourceTree = "<group>";
		};
/* End PBXGroup section */

/* Begin PBXNativeTarget section */
		2E0AB5941C6A4BE700D8CFC0 /* iWeather */ = {
			isa = PBXNativeTarget;
			buildConfigurationList = 2E0AB5C21C6A4BE800D8CFC0 /* Build configuration list for PBXNativeTarget "iWeather" */;
			buildPhases = (
				2E0AB5911C6A4BE700D8CFC0 /* Sources */,
				2E0AB5921C6A4BE700D8CFC0 /* Frameworks */,
				2E0AB5931C6A4BE700D8CFC0 /* Resources */,
				2EB229DA1C707A4C003E64B3 /* Embed App Extensions */,
			);
			buildRules = (
			);
			dependencies = (
			);
			name = iWeather;
			productName = iWeather;
			productReference = 2E0AB5951C6A4BE700D8CFC0 /* iWeather.app */;
			productType = "com.apple.product-type.application";
		};
		2E0AB5AD1C6A4BE800D8CFC0 /* iWeatherTests */ = {
			isa = PBXNativeTarget;
			buildConfigurationList = 2E0AB5C51C6A4BE800D8CFC0 /* Build configuration list for PBXNativeTarget "iWeatherTests" */;
			buildPhases = (
				2E0AB5AA1C6A4BE800D8CFC0 /* Sources */,
				2E0AB5AB1C6A4BE800D8CFC0 /* Frameworks */,
				2E0AB5AC1C6A4BE800D8CFC0 /* Resources */,
			);
			buildRules = (
			);
			dependencies = (
				2E0AB5B01C6A4BE800D8CFC0 /* PBXTargetDependency */,
			);
			name = iWeatherTests;
			productName = iWeatherTests;
			productReference = 2E0AB5AE1C6A4BE800D8CFC0 /* iWeatherTests.xctest */;
			productType = "com.apple.product-type.bundle.unit-test";
		};
		2E0AB5B81C6A4BE800D8CFC0 /* iWeatherUITests */ = {
			isa = PBXNativeTarget;
			buildConfigurationList = 2E0AB5C81C6A4BE800D8CFC0 /* Build configuration list for PBXNativeTarget "iWeatherUITests" */;
			buildPhases = (
				2E0AB5B51C6A4BE800D8CFC0 /* Sources */,
				2E0AB5B61C6A4BE800D8CFC0 /* Frameworks */,
				2E0AB5B71C6A4BE800D8CFC0 /* Resources */,
			);
			buildRules = (
			);
			dependencies = (
				2E0AB5BB1C6A4BE800D8CFC0 /* PBXTargetDependency */,
			);
			name = iWeatherUITests;
			productName = iWeatherUITests;
			productReference = 2E0AB5B91C6A4BE800D8CFC0 /* iWeatherUITests.xctest */;
			productType = "com.apple.product-type.bundle.ui-testing";
		};
/* End PBXNativeTarget section */

/* Begin PBXProject section */
		2E0AB58D1C6A4BE700D8CFC0 /* Project object */ = {
			isa = PBXProject;
			attributes = {
				KnownAssetTags = (
					New,
				);
				LastUpgradeCheck = 0720;
				ORGANIZATIONNAME = VicChan;
				TargetAttributes = {
					2E0AB5941C6A4BE700D8CFC0 = {
						CreatedOnToolsVersion = 7.2;
						DevelopmentTeam = 23D5PVYLWJ;
						SystemCapabilities = {
							com.apple.ApplicationGroups.iOS = {
								enabled = 0;
							};
							com.apple.BackgroundModes = {
								enabled = 1;
							};
						};
					};
					2E0AB5AD1C6A4BE800D8CFC0 = {
						CreatedOnToolsVersion = 7.2;
						DevelopmentTeam = 23D5PVYLWJ;
						TestTargetID = 2E0AB5941C6A4BE700D8CFC0;
					};
					2E0AB5B81C6A4BE800D8CFC0 = {
						CreatedOnToolsVersion = 7.2;
						DevelopmentTeam = 23D5PVYLWJ;
						TestTargetID = 2E0AB5941C6A4BE700D8CFC0;
					};
				};
			};
			buildConfigurationList = 2E0AB5901C6A4BE700D8CFC0 /* Build configuration list for PBXProject "iWeather" */;
			compatibilityVersion = "Xcode 3.2";
			developmentRegion = English;
			hasScannedForEncodings = 0;
			knownRegions = (
				en,
				Base,
			);
			mainGroup = 2E0AB58C1C6A4BE700D8CFC0;
			productRefGroup = 2E0AB5961C6A4BE700D8CFC0 /* Products */;
			projectDirPath = "";
			projectRoot = "";
			targets = (
				2E0AB5941C6A4BE700D8CFC0 /* iWeather */,
				2E0AB5AD1C6A4BE800D8CFC0 /* iWeatherTests */,
				2E0AB5B81C6A4BE800D8CFC0 /* iWeatherUITests */,
			);
		};
/* End PBXProject section */

/* Begin PBXResourcesBuildPhase section */
		2E0AB5931C6A4BE700D8CFC0 /* Resources */ = {
			isa = PBXResourcesBuildPhase;
			buildActionMask = 2147483647;
			files = (
				2E0AB5A81C6A4BE700D8CFC0 /* LaunchScreen.storyboard in Resources */,
				2E216A301C73513F0034AE55 /* back.png in Resources */,
				2E216A4B1C749B840034AE55 /* About.jpg in Resources */,
				2E216A381C74198A0034AE55 /* weekViewCell.xib in Resources */,
				2E0AB5A51C6A4BE700D8CFC0 /* Assets.xcassets in Resources */,
				2E0AB5A31C6A4BE700D8CFC0 /* Main.storyboard in Resources */,
				2EB229621C6B39D8003E64B3 /* ImageList.plist in Resources */,
			);
			runOnlyForDeploymentPostprocessing = 0;
		};
		2E0AB5AC1C6A4BE800D8CFC0 /* Resources */ = {
			isa = PBXResourcesBuildPhase;
			buildActionMask = 2147483647;
			files = (
			);
			runOnlyForDeploymentPostprocessing = 0;
		};
		2E0AB5B71C6A4BE800D8CFC0 /* Resources */ = {
			isa = PBXResourcesBuildPhase;
			buildActionMask = 2147483647;
			files = (
			);
			runOnlyForDeploymentPostprocessing = 0;
		};
/* End PBXResourcesBuildPhase section */

/* Begin PBXSourcesBuildPhase section */
		2E0AB5911C6A4BE700D8CFC0 /* Sources */ = {
			isa = PBXSourcesBuildPhase;
			buildActionMask = 2147483647;
			files = (
				2EB229781C6F4B68003E64B3 /* OneNetWork.m in Sources */,
				2EB229C31C704583003E64B3 /* ConditionView.m in Sources */,
				2EB229651C6B7456003E64B3 /* TabBar.m in Sources */,
				2EB229C01C7022AC003E64B3 /* WeatherRequest.m in Sources */,
				2E216A331C7407640034AE55 /* SearchView.m in Sources */,
				2E216A5F1C75997B0034AE55 /* Circle.m in Sources */,
				2E0AB6181C6AE72300D8CFC0 /* WeekWeather.m in Sources */,
				2E216A491C748C450034AE55 /* AboutViewController.m in Sources */,
				2EB2296B1C6C7084003E64B3 /* subButton.m in Sources */,
				2E216A581C756A210034AE55 /* LifeView.m in Sources */,
				2E216A431C7486A80034AE55 /* AddViewController.m in Sources */,
				2EB22A461C71D672003E64B3 /* SearchViewController.m in Sources */,
				2E0AB6121C6AE6F900D8CFC0 /* WeatherParse.m in Sources */,
				2E0AB59D1C6A4BE700D8CFC0 /* AppDelegate.m in Sources */,
				2E216A371C74198A0034AE55 /* weekViewCell.m in Sources */,
				2E0AB60F1C6AE38B00D8CFC0 /* MainViewController.m in Sources */,
				2E0AB59A1C6A4BE700D8CFC0 /* main.m in Sources */,
				2E216A551C756A150034AE55 /* PMView.m in Sources */,
				2E0AB61B1C6AE73400D8CFC0 /* LifeWeather.m in Sources */,
				2EB229711C6F0F5C003E64B3 /* BarButton.m in Sources */,
				2E216A4E1C74A53D0034AE55 /* SettingViewController.m in Sources */,
				2E216A5B1C7599580034AE55 /* OneHUD.m in Sources */,
				2E216A521C74AD170034AE55 /* ARSPopover.m in Sources */,
				2E0AB6151C6AE70F00D8CFC0 /* RealTimeWeather.m in Sources */,
				2EB229601C6B2E46003E64B3 /* RealTimeView.m in Sources */,
				2EB229741C6F12C1003E64B3 /* UIButton+UIImage.m in Sources */,
			);
			runOnlyForDeploymentPostprocessing = 0;
		};
		2E0AB5AA1C6A4BE800D8CFC0 /* Sources */ = {
			isa = PBXSourcesBuildPhase;
			buildActionMask = 2147483647;
			files = (
				2E0AB5B31C6A4BE800D8CFC0 /* iWeatherTests.m in Sources */,
			);
			runOnlyForDeploymentPostprocessing = 0;
		};
		2E0AB5B51C6A4BE800D8CFC0 /* Sources */ = {
			isa = PBXSourcesBuildPhase;
			buildActionMask = 2147483647;
			files = (
				2E0AB5BE1C6A4BE800D8CFC0 /* iWeatherUITests.m in Sources */,
			);
			runOnlyForDeploymentPostprocessing = 0;
		};
/* End PBXSourcesBuildPhase section */

/* Begin PBXTargetDependency section */
		2E0AB5B01C6A4BE800D8CFC0 /* PBXTargetDependency */ = {
			isa = PBXTargetDependency;
			target = 2E0AB5941C6A4BE700D8CFC0 /* iWeather */;
			targetProxy = 2E0AB5AF1C6A4BE800D8CFC0 /* PBXContainerItemProxy */;
		};
		2E0AB5BB1C6A4BE800D8CFC0 /* PBXTargetDependency */ = {
			isa = PBXTargetDependency;
			target = 2E0AB5941C6A4BE700D8CFC0 /* iWeather */;
			targetProxy = 2E0AB5BA1C6A4BE800D8CFC0 /* PBXContainerItemProxy */;
		};
/* End PBXTargetDependency section */

/* Begin PBXVariantGroup section */
		2E0AB5A11C6A4BE700D8CFC0 /* Main.storyboard */ = {
			isa = PBXVariantGroup;
			children = (
				2E0AB5A21C6A4BE700D8CFC0 /* Base */,
			);
			name = Main.storyboard;
			sourceTree = "<group>";
		};
		2E0AB5A61C6A4BE700D8CFC0 /* LaunchScreen.storyboard */ = {
			isa = PBXVariantGroup;
			children = (
				2E0AB5A71C6A4BE700D8CFC0 /* Base */,
			);
			name = LaunchScreen.storyboard;
			sourceTree = "<group>";
		};
/* End PBXVariantGroup section */

/* Begin XCBuildConfiguration section */
		2E0AB5C01C6A4BE800D8CFC0 /* Debug */ = {
			isa = XCBuildConfiguration;
			buildSettings = {
				ALWAYS_SEARCH_USER_PATHS = NO;
				CLANG_CXX_LANGUAGE_STANDARD = "gnu++0x";
				CLANG_CXX_LIBRARY = "libc++";
				CLANG_ENABLE_MODULES = YES;
				CLANG_ENABLE_OBJC_ARC = YES;
				CLANG_WARN_BOOL_CONVERSION = YES;
				CLANG_WARN_CONSTANT_CONVERSION = YES;
				CLANG_WARN_DIRECT_OBJC_ISA_USAGE = YES_ERROR;
				CLANG_WARN_EMPTY_BODY = YES;
				CLANG_WARN_ENUM_CONVERSION = YES;
				CLANG_WARN_INT_CONVERSION = YES;
				CLANG_WARN_OBJC_ROOT_CLASS = YES_ERROR;
				CLANG_WARN_UNREACHABLE_CODE = YES;
				CLANG_WARN__DUPLICATE_METHOD_MATCH = YES;
				"CODE_SIGN_IDENTITY[sdk=iphoneos*]" = "iPhone Developer";
				COPY_PHASE_STRIP = NO;
				DEBUG_INFORMATION_FORMAT = dwarf;
				ENABLE_STRICT_OBJC_MSGSEND = YES;
				ENABLE_TESTABILITY = YES;
				GCC_C_LANGUAGE_STANDARD = gnu99;
				GCC_DYNAMIC_NO_PIC = NO;
				GCC_NO_COMMON_BLOCKS = YES;
				GCC_OPTIMIZATION_LEVEL = 0;
				GCC_PREPROCESSOR_DEFINITIONS = (
					"DEBUG=1",
					"$(inherited)",
				);
				GCC_WARN_64_TO_32_BIT_CONVERSION = YES;
				GCC_WARN_ABOUT_RETURN_TYPE = YES_ERROR;
				GCC_WARN_UNDECLARED_SELECTOR = YES;
				GCC_WARN_UNINITIALIZED_AUTOS = YES_AGGRESSIVE;
				GCC_WARN_UNUSED_FUNCTION = YES;
				GCC_WARN_UNUSED_VARIABLE = YES;
				IPHONEOS_DEPLOYMENT_TARGET = 9.2;
				MTL_ENABLE_DEBUG_INFO = YES;
				ONLY_ACTIVE_ARCH = YES;
				SDKROOT = iphoneos;
				TARGETED_DEVICE_FAMILY = "1,2";
			};
			name = Debug;
		};
		2E0AB5C11C6A4BE800D8CFC0 /* Release */ = {
			isa = XCBuildConfiguration;
			buildSettings = {
				ALWAYS_SEARCH_USER_PATHS = NO;
				CLANG_CXX_LANGUAGE_STANDARD = "gnu++0x";
				CLANG_CXX_LIBRARY = "libc++";
				CLANG_ENABLE_MODULES = YES;
				CLANG_ENABLE_OBJC_ARC = YES;
				CLANG_WARN_BOOL_CONVERSION = YES;
				CLANG_WARN_CONSTANT_CONVERSION = YES;
				CLANG_WARN_DIRECT_OBJC_ISA_USAGE = YES_ERROR;
				CLANG_WARN_EMPTY_BODY = YES;
				CLANG_WARN_ENUM_CONVERSION = YES;
				CLANG_WARN_INT_CONVERSION = YES;
				CLANG_WARN_OBJC_ROOT_CLASS = YES_ERROR;
				CLANG_WARN_UNREACHABLE_CODE = YES;
				CLANG_WARN__DUPLICATE_METHOD_MATCH = YES;
				"CODE_SIGN_IDENTITY[sdk=iphoneos*]" = "iPhone Developer";
				COPY_PHASE_STRIP = NO;
				DEBUG_INFORMATION_FORMAT = "dwarf-with-dsym";
				ENABLE_NS_ASSERTIONS = NO;
				ENABLE_STRICT_OBJC_MSGSEND = YES;
				GCC_C_LANGUAGE_STANDARD = gnu99;
				GCC_NO_COMMON_BLOCKS = YES;
				GCC_WARN_64_TO_32_BIT_CONVERSION = YES;
				GCC_WARN_ABOUT_RETURN_TYPE = YES_ERROR;
				GCC_WARN_UNDECLARED_SELECTOR = YES;
				GCC_WARN_UNINITIALIZED_AUTOS = YES_AGGRESSIVE;
				GCC_WARN_UNUSED_FUNCTION = YES;
				GCC_WARN_UNUSED_VARIABLE = YES;
				IPHONEOS_DEPLOYMENT_TARGET = 9.2;
				MTL_ENABLE_DEBUG_INFO = NO;
				SDKROOT = iphoneos;
				TARGETED_DEVICE_FAMILY = "1,2";
				VALIDATE_PRODUCT = YES;
			};
			name = Release;
		};
		2E0AB5C31C6A4BE800D8CFC0 /* Debug */ = {
			isa = XCBuildConfiguration;
			buildSettings = {
				ASSETCATALOG_COMPILER_APPICON_NAME = AppIcon;
				CODE_SIGN_IDENTITY = "iPhone Developer";
				"CODE_SIGN_IDENTITY[sdk=iphoneos*]" = "iPhone Developer";
				INFOPLIST_FILE = iWeather/Info.plist;
				LD_RUNPATH_SEARCH_PATHS = "$(inherited) @executable_path/Frameworks";
				PRODUCT_BUNDLE_IDENTIFIER = Victor.iWeather;
				PRODUCT_NAME = "$(TARGET_NAME)";
				PROVISIONING_PROFILE = "";
				TARGETED_DEVICE_FAMILY = 1;
			};
			name = Debug;
		};
		2E0AB5C41C6A4BE800D8CFC0 /* Release */ = {
			isa = XCBuildConfiguration;
			buildSettings = {
				ASSETCATALOG_COMPILER_APPICON_NAME = AppIcon;
				CODE_SIGN_IDENTITY = "iPhone Developer";
				"CODE_SIGN_IDENTITY[sdk=iphoneos*]" = "iPhone Developer";
				INFOPLIST_FILE = iWeather/Info.plist;
				LD_RUNPATH_SEARCH_PATHS = "$(inherited) @executable_path/Frameworks";
				PRODUCT_BUNDLE_IDENTIFIER = Victor.iWeather;
				PRODUCT_NAME = "$(TARGET_NAME)";
				PROVISIONING_PROFILE = "";
				TARGETED_DEVICE_FAMILY = 1;
			};
			name = Release;
		};
		2E0AB5C61C6A4BE800D8CFC0 /* Debug */ = {
			isa = XCBuildConfiguration;
			buildSettings = {
				BUNDLE_LOADER = "$(TEST_HOST)";
				INFOPLIST_FILE = iWeatherTests/Info.plist;
				LD_RUNPATH_SEARCH_PATHS = "$(inherited) @executable_path/Frameworks @loader_path/Frameworks";
				PRODUCT_BUNDLE_IDENTIFIER = Victor.iWeatherTests;
				PRODUCT_NAME = "$(TARGET_NAME)";
				TEST_HOST = "$(BUILT_PRODUCTS_DIR)/iWeather.app/iWeather";
			};
			name = Debug;
		};
		2E0AB5C71C6A4BE800D8CFC0 /* Release */ = {
			isa = XCBuildConfiguration;
			buildSettings = {
				BUNDLE_LOADER = "$(TEST_HOST)";
				INFOPLIST_FILE = iWeatherTests/Info.plist;
				LD_RUNPATH_SEARCH_PATHS = "$(inherited) @executable_path/Frameworks @loader_path/Frameworks";
				PRODUCT_BUNDLE_IDENTIFIER = Victor.iWeatherTests;
				PRODUCT_NAME = "$(TARGET_NAME)";
				TEST_HOST = "$(BUILT_PRODUCTS_DIR)/iWeather.app/iWeather";
			};
			name = Release;
		};
		2E0AB5C91C6A4BE800D8CFC0 /* Debug */ = {
			isa = XCBuildConfiguration;
			buildSettings = {
				INFOPLIST_FILE = iWeatherUITests/Info.plist;
				LD_RUNPATH_SEARCH_PATHS = "$(inherited) @executable_path/Frameworks @loader_path/Frameworks";
				PRODUCT_BUNDLE_IDENTIFIER = Victor.iWeatherUITests;
				PRODUCT_NAME = "$(TARGET_NAME)";
				TEST_TARGET_NAME = iWeather;
				USES_XCTRUNNER = YES;
			};
			name = Debug;
		};
		2E0AB5CA1C6A4BE800D8CFC0 /* Release */ = {
			isa = XCBuildConfiguration;
			buildSettings = {
				INFOPLIST_FILE = iWeatherUITests/Info.plist;
				LD_RUNPATH_SEARCH_PATHS = "$(inherited) @executable_path/Frameworks @loader_path/Frameworks";
				PRODUCT_BUNDLE_IDENTIFIER = Victor.iWeatherUITests;
				PRODUCT_NAME = "$(TARGET_NAME)";
				TEST_TARGET_NAME = iWeather;
				USES_XCTRUNNER = YES;
			};
			name = Release;
		};
/* End XCBuildConfiguration section */

/* Begin XCConfigurationList section */
		2E0AB5901C6A4BE700D8CFC0 /* Build configuration list for PBXProject "iWeather" */ = {
			isa = XCConfigurationList;
			buildConfigurations = (
				2E0AB5C01C6A4BE800D8CFC0 /* Debug */,
				2E0AB5C11C6A4BE800D8CFC0 /* Release */,
			);
			defaultConfigurationIsVisible = 0;
			defaultConfigurationName = Release;
		};
		2E0AB5C21C6A4BE800D8CFC0 /* Build configuration list for PBXNativeTarget "iWeather" */ = {
			isa = XCConfigurationList;
			buildConfigurations = (
				2E0AB5C31C6A4BE800D8CFC0 /* Debug */,
				2E0AB5C41C6A4BE800D8CFC0 /* Release */,
			);
			defaultConfigurationIsVisible = 0;
			defaultConfigurationName = Release;
		};
		2E0AB5C51C6A4BE800D8CFC0 /* Build configuration list for PBXNativeTarget "iWeatherTests" */ = {
			isa = XCConfigurationList;
			buildConfigurations = (
				2E0AB5C61C6A4BE800D8CFC0 /* Debug */,
				2E0AB5C71C6A4BE800D8CFC0 /* Release */,
			);
			defaultConfigurationIsVisible = 0;
			defaultConfigurationName = Release;
		};
		2E0AB5C81C6A4BE800D8CFC0 /* Build configuration list for PBXNativeTarget "iWeatherUITests" */ = {
			isa = XCConfigurationList;
			buildConfigurations = (
				2E0AB5C91C6A4BE800D8CFC0 /* Debug */,
				2E0AB5CA1C6A4BE800D8CFC0 /* Release */,
			);
			defaultConfigurationIsVisible = 0;
			defaultConfigurationName = Release;
		};
/* End XCConfigurationList section */
	};
	rootObject = 2E0AB58D1C6A4BE700D8CFC0 /* Project object */;
}
